
Microsoft Visual Studio Solution File, Format Version 12.00
# Visual Studio Version 16
VisualStudioVersion = 16.0.29306.81
MinimumVisualStudioVersion = 10.0.40219.1
Project("{FAE04EC0-301F-11D3-BF4B-00C04F79EFBC}") = "CheckForYou2", "CheckForYou2.csproj", "{2B447D50-859B-42CB-95CC-6D46AC50FC05}"
EndProject
Global
	GlobalSection(SolutionConfigurationPlatforms) = preSolution
		Debug|Any CPU = Debug|Any CPU
		Release|Any CPU = Release|Any CPU
	EndGlobalSection
	GlobalSection(ProjectConfigurationPlatforms) = postSolution
		{2B447D50-859B-42CB-95CC-6D46AC50FC05}.Debug|Any CPU.ActiveCfg = Debug|Any CPU
		{2B447D50-859B-42CB-95CC-6D46AC50FC05}.Debug|Any CPU.Build.0 = Debug|Any CPU
		{2B447D50-859B-42CB-95CC-6D46AC50FC05}.Release|Any CPU.ActiveCfg = Release|Any CPU
		{2B447D50-859B-42CB-95CC-6D46AC50FC05}.Release|Any CPU.Build.0 = Release|Any CPU
	EndGlobalSection
	GlobalSection(SolutionProperties) = preSolution
		HideSolutionNode = FALSE
	EndGlobalSection
	GlobalSection(ExtensibilityGlobals) = postSolution
		SolutionGuid = {E1599104-711E-4F52-8F93-9B1274F1B630}
	EndGlobalSection
EndGlobal
